
Microsoft Visual Studio Solution File, Format Version 12.00
Project("{FAE04EC0-301F-11D3-BF4B-00C04F79EFBC}") = "Module_1_Review", "Module_1_Review\Module_1_Review.csproj", "{56318A0D-D069-47B1-9950-352E97FDBAED}"
EndProject
Global
	GlobalSection(SolutionConfigurationPlatforms) = preSolution
		Debug|Any CPU = Debug|Any CPU
		Release|Any CPU = Release|Any CPU
	EndGlobalSection
	GlobalSection(ProjectConfigurationPlatforms) = postSolution
		{56318A0D-D069-47B1-9950-352E97FDBAED}.Debug|Any CPU.ActiveCfg = Debug|Any CPU
		{56318A0D-D069-47B1-9950-352E97FDBAED}.Debug|Any CPU.Build.0 = Debug|Any CPU
		{56318A0D-D069-47B1-9950-352E97FDBAED}.Release|Any CPU.ActiveCfg = Release|Any CPU
		{56318A0D-D069-47B1-9950-352E97FDBAED}.Release|Any CPU.Build.0 = Release|Any CPU
	EndGlobalSection
EndGlobal
